
Microsoft Visual Studio Solution File, Format Version 12.00
# Visual Studio Version 16
VisualStudioVersion = 16.0.31829.152
MinimumVisualStudioVersion = 10.0.40219.1
Project("{FAE04EC0-301F-11D3-BF4B-00C04F79EFBC}") = "Lab 9", "Lab 9\Lab 9.csproj", "{8F565F6F-38B1-4322-810A-8F4045A0913C}"
EndProject
Global
	GlobalSection(SolutionConfigurationPlatforms) = preSolution
		Debug|Any CPU = Debug|Any CPU
		Release|Any CPU = Release|Any CPU
	EndGlobalSection
	GlobalSection(ProjectConfigurationPlatforms) = postSolution
		{8F565F6F-38B1-4322-810A-8F4045A0913C}.Debug|Any CPU.ActiveCfg = Debug|Any CPU
		{8F565F6F-38B1-4322-810A-8F4045A0913C}.Debug|Any CPU.Build.0 = Debug|Any CPU
		{8F565F6F-38B1-4322-810A-8F4045A0913C}.Release|Any CPU.ActiveCfg = Release|Any CPU
		{8F565F6F-38B1-4322-810A-8F4045A0913C}.Release|Any CPU.Build.0 = Release|Any CPU
	EndGlobalSection
	GlobalSection(SolutionProperties) = preSolution
		HideSolutionNode = FALSE
	EndGlobalSection
	GlobalSection(ExtensibilityGlobals) = postSolution
		SolutionGuid = {4ADE070F-38D2-4EAA-864C-C7B441D50958}
	EndGlobalSection
EndGlobal
